
Microsoft Visual Studio Solution File, Format Version 12.00
# Visual Studio Version 17
VisualStudioVersion = 17.9.34701.34
MinimumVisualStudioVersion = 10.0.40219.1
Project("{FAE04EC0-301F-11D3-BF4B-00C04F79EFBC}") = "telefonkönyv", "telefonkönyv\telefonkönyv.csproj", "{53E88933-F843-4880-BD86-56DFDC3389F9}"
EndProject
Global
	GlobalSection(SolutionConfigurationPlatforms) = preSolution
		Debug|Any CPU = Debug|Any CPU
		Release|Any CPU = Release|Any CPU
	EndGlobalSection
	GlobalSection(ProjectConfigurationPlatforms) = postSolution
		{53E88933-F843-4880-BD86-56DFDC3389F9}.Debug|Any CPU.ActiveCfg = Debug|Any CPU
		{53E88933-F843-4880-BD86-56DFDC3389F9}.Debug|Any CPU.Build.0 = Debug|Any CPU
		{53E88933-F843-4880-BD86-56DFDC3389F9}.Release|Any CPU.ActiveCfg = Release|Any CPU
		{53E88933-F843-4880-BD86-56DFDC3389F9}.Release|Any CPU.Build.0 = Release|Any CPU
	EndGlobalSection
	GlobalSection(SolutionProperties) = preSolution
		HideSolutionNode = FALSE
	EndGlobalSection
	GlobalSection(ExtensibilityGlobals) = postSolution
		SolutionGuid = {B67F9615-BD5D-48BA-8EEC-7E9810651388}
	EndGlobalSection
EndGlobal
